
Microsoft Visual Studio Solution File, Format Version 12.00
# Visual Studio Version 16
VisualStudioVersion = 16.0.31129.286
MinimumVisualStudioVersion = 10.0.40219.1
Project("{9A19103F-16F7-4668-BE54-9A1E7A4F7556}") = "KIP_server_NoAuth", "KIP_server_NoAuth\KIP_server_NoAuth.csproj", "{5E2CF98C-9F8E-4754-9D73-7BB5EB7AF635}"
EndProject
Global
	GlobalSection(SolutionConfigurationPlatforms) = preSolution
		Debug|Any CPU = Debug|Any CPU
		Release|Any CPU = Release|Any CPU
	EndGlobalSection
	GlobalSection(ProjectConfigurationPlatforms) = postSolution
		{5E2CF98C-9F8E-4754-9D73-7BB5EB7AF635}.Debug|Any CPU.ActiveCfg = Debug|Any CPU
		{5E2CF98C-9F8E-4754-9D73-7BB5EB7AF635}.Debug|Any CPU.Build.0 = Debug|Any CPU
		{5E2CF98C-9F8E-4754-9D73-7BB5EB7AF635}.Release|Any CPU.ActiveCfg = Release|Any CPU
		{5E2CF98C-9F8E-4754-9D73-7BB5EB7AF635}.Release|Any CPU.Build.0 = Release|Any CPU
	EndGlobalSection
	GlobalSection(SolutionProperties) = preSolution
		HideSolutionNode = FALSE
	EndGlobalSection
	GlobalSection(ExtensibilityGlobals) = postSolution
		SolutionGuid = {9391072F-0CE0-403D-AD34-317E93938553}
	EndGlobalSection
EndGlobal
