
Microsoft Visual Studio Solution File, Format Version 12.00
# Visual Studio Version 16
VisualStudioVersion = 16.0.31005.135
MinimumVisualStudioVersion = 10.0.40219.1
Project("{2150E333-8FDC-42A3-9474-1A3956D46DE8}") = "src", "src", "{9A2F9FA7-014B-47B7-BED8-0D2A2CEAF7EE}"
EndProject
Project("{9A19103F-16F7-4668-BE54-9A1E7A4F7556}") = "KIP_server_NoAuth", "src\KIP_server_NoAuth\KIP_server_NoAuth.csproj", "{ED7D1D0D-D526-43F4-95F0-610CA6CC1AAD}"
EndProject
Project("{9A19103F-16F7-4668-BE54-9A1E7A4F7556}") = "KIP_server_Auth", "src\KIP_server_Auth\KIP_server_Auth.csproj", "{685F2B88-BC73-4623-AB67-44643EEF9B19}"
EndProject
Project("{9A19103F-16F7-4668-BE54-9A1E7A4F7556}") = "KIP_server_TB", "src\KIP_server_TB\KIP_server_TB.csproj", "{9A72B6E9-205C-4A60-B9BB-1AE682DA66CC}"
EndProject
Project("{FAE04EC0-301F-11D3-BF4B-00C04F79EFBC}") = "KIP_Backend", "src\KIP_Backend\KIP_Backend.csproj", "{F15D0321-E114-43F7-8D22-987D2083574A}"
EndProject
Project("{2150E333-8FDC-42A3-9474-1A3956D46DE8}") = "test", "test", "{0AD68C06-80D6-43C5-B22A-3254245B4D55}"
EndProject
Project("{9A19103F-16F7-4668-BE54-9A1E7A4F7556}") = "KIP_server_NoAuth.Tests", "test\KIP_server_NoAuth.Tests\KIP_server_NoAuth.Tests.csproj", "{041BB436-3E59-43AC-A9EB-CFCD00C17CB6}"
EndProject
Project("{9A19103F-16F7-4668-BE54-9A1E7A4F7556}") = "KIP_server_Auth.Tests", "test\KIP_server_Auth.Tests\KIP_server_Auth.Tests.csproj", "{EC94DECA-6EF5-4C26-A7FF-21859163192F}"
EndProject
Project("{9A19103F-16F7-4668-BE54-9A1E7A4F7556}") = "KIP_server_TB.Tests", "test\KIP_server_TB.Tests\KIP_server_TB.Tests.csproj", "{3069ACDC-1FE8-4114-989B-CC4E53A896E8}"
EndProject
Project("{2150E333-8FDC-42A3-9474-1A3956D46DE8}") = "Solution Items", "Solution Items", "{18ECED55-DC5E-4FA8-B91A-FCAF322B84CC}"
	ProjectSection(SolutionItems) = preProject
		.editorconfig = .editorconfig
	EndProjectSection
EndProject
Global
	GlobalSection(SolutionConfigurationPlatforms) = preSolution
		Debug|Any CPU = Debug|Any CPU
		Release|Any CPU = Release|Any CPU
	EndGlobalSection
	GlobalSection(ProjectConfigurationPlatforms) = postSolution
		{ED7D1D0D-D526-43F4-95F0-610CA6CC1AAD}.Debug|Any CPU.ActiveCfg = Debug|Any CPU
		{ED7D1D0D-D526-43F4-95F0-610CA6CC1AAD}.Debug|Any CPU.Build.0 = Debug|Any CPU
		{ED7D1D0D-D526-43F4-95F0-610CA6CC1AAD}.Release|Any CPU.ActiveCfg = Release|Any CPU
		{ED7D1D0D-D526-43F4-95F0-610CA6CC1AAD}.Release|Any CPU.Build.0 = Release|Any CPU
		{685F2B88-BC73-4623-AB67-44643EEF9B19}.Debug|Any CPU.ActiveCfg = Debug|Any CPU
		{685F2B88-BC73-4623-AB67-44643EEF9B19}.Debug|Any CPU.Build.0 = Debug|Any CPU
		{685F2B88-BC73-4623-AB67-44643EEF9B19}.Release|Any CPU.ActiveCfg = Release|Any CPU
		{685F2B88-BC73-4623-AB67-44643EEF9B19}.Release|Any CPU.Build.0 = Release|Any CPU
		{9A72B6E9-205C-4A60-B9BB-1AE682DA66CC}.Debug|Any CPU.ActiveCfg = Debug|Any CPU
		{9A72B6E9-205C-4A60-B9BB-1AE682DA66CC}.Debug|Any CPU.Build.0 = Debug|Any CPU
		{9A72B6E9-205C-4A60-B9BB-1AE682DA66CC}.Release|Any CPU.ActiveCfg = Release|Any CPU
		{9A72B6E9-205C-4A60-B9BB-1AE682DA66CC}.Release|Any CPU.Build.0 = Release|Any CPU
		{3848CEA0-774A-4FEE-AEFA-17A875CFC41E}.Debug|Any CPU.ActiveCfg = Debug|Any CPU
		{3848CEA0-774A-4FEE-AEFA-17A875CFC41E}.Debug|Any CPU.Build.0 = Debug|Any CPU
		{3848CEA0-774A-4FEE-AEFA-17A875CFC41E}.Release|Any CPU.ActiveCfg = Release|Any CPU
		{3848CEA0-774A-4FEE-AEFA-17A875CFC41E}.Release|Any CPU.Build.0 = Release|Any CPU
		{041BB436-3E59-43AC-A9EB-CFCD00C17CB6}.Debug|Any CPU.ActiveCfg = Debug|Any CPU
		{041BB436-3E59-43AC-A9EB-CFCD00C17CB6}.Debug|Any CPU.Build.0 = Debug|Any CPU
		{041BB436-3E59-43AC-A9EB-CFCD00C17CB6}.Release|Any CPU.ActiveCfg = Release|Any CPU
		{041BB436-3E59-43AC-A9EB-CFCD00C17CB6}.Release|Any CPU.Build.0 = Release|Any CPU
		{1A5FFBE4-B575-45A3-B74C-10B6AE20D05F}.Debug|Any CPU.ActiveCfg = Debug|Any CPU
		{1A5FFBE4-B575-45A3-B74C-10B6AE20D05F}.Debug|Any CPU.Build.0 = Debug|Any CPU
		{1A5FFBE4-B575-45A3-B74C-10B6AE20D05F}.Release|Any CPU.ActiveCfg = Release|Any CPU
		{1A5FFBE4-B575-45A3-B74C-10B6AE20D05F}.Release|Any CPU.Build.0 = Release|Any CPU
		{EC94DECA-6EF5-4C26-A7FF-21859163192F}.Debug|Any CPU.ActiveCfg = Debug|Any CPU
		{EC94DECA-6EF5-4C26-A7FF-21859163192F}.Debug|Any CPU.Build.0 = Debug|Any CPU
		{EC94DECA-6EF5-4C26-A7FF-21859163192F}.Release|Any CPU.ActiveCfg = Release|Any CPU
		{EC94DECA-6EF5-4C26-A7FF-21859163192F}.Release|Any CPU.Build.0 = Release|Any CPU
		{3069ACDC-1FE8-4114-989B-CC4E53A896E8}.Debug|Any CPU.ActiveCfg = Debug|Any CPU
		{3069ACDC-1FE8-4114-989B-CC4E53A896E8}.Debug|Any CPU.Build.0 = Debug|Any CPU
		{3069ACDC-1FE8-4114-989B-CC4E53A896E8}.Release|Any CPU.ActiveCfg = Release|Any CPU
		{3069ACDC-1FE8-4114-989B-CC4E53A896E8}.Release|Any CPU.Build.0 = Release|Any CPU
		{F15D0321-E114-43F7-8D22-987D2083574A}.Debug|Any CPU.ActiveCfg = Debug|Any CPU
		{F15D0321-E114-43F7-8D22-987D2083574A}.Debug|Any CPU.Build.0 = Debug|Any CPU
		{F15D0321-E114-43F7-8D22-987D2083574A}.Release|Any CPU.ActiveCfg = Release|Any CPU
		{F15D0321-E114-43F7-8D22-987D2083574A}.Release|Any CPU.Build.0 = Release|Any CPU
	EndGlobalSection
	GlobalSection(SolutionProperties) = preSolution
		HideSolutionNode = FALSE
	EndGlobalSection
	GlobalSection(NestedProjects) = preSolution
		{ED7D1D0D-D526-43F4-95F0-610CA6CC1AAD} = {9A2F9FA7-014B-47B7-BED8-0D2A2CEAF7EE}
		{685F2B88-BC73-4623-AB67-44643EEF9B19} = {9A2F9FA7-014B-47B7-BED8-0D2A2CEAF7EE}
		{9A72B6E9-205C-4A60-B9BB-1AE682DA66CC} = {9A2F9FA7-014B-47B7-BED8-0D2A2CEAF7EE}
		{3848CEA0-774A-4FEE-AEFA-17A875CFC41E} = {9A2F9FA7-014B-47B7-BED8-0D2A2CEAF7EE}
		{041BB436-3E59-43AC-A9EB-CFCD00C17CB6} = {0AD68C06-80D6-43C5-B22A-3254245B4D55}
		{1A5FFBE4-B575-45A3-B74C-10B6AE20D05F} = {0AD68C06-80D6-43C5-B22A-3254245B4D55}
		{EC94DECA-6EF5-4C26-A7FF-21859163192F} = {0AD68C06-80D6-43C5-B22A-3254245B4D55}
		{3069ACDC-1FE8-4114-989B-CC4E53A896E8} = {0AD68C06-80D6-43C5-B22A-3254245B4D55}
		{F15D0321-E114-43F7-8D22-987D2083574A} = {9A2F9FA7-014B-47B7-BED8-0D2A2CEAF7EE}
	EndGlobalSection
	GlobalSection(ExtensibilityGlobals) = postSolution
		SolutionGuid = {7C950030-2F3A-424E-B43C-8581C3183045}
	EndGlobalSection
EndGlobal
